
Microsoft Visual Studio Solution File, Format Version 12.00
# Visual Studio 15
VisualStudioVersion = 15.0.28307.168
MinimumVisualStudioVersion = 10.0.40219.1
Project("{FAE04EC0-301F-11D3-BF4B-00C04F79EFBC}") = "MvcAuth", "MvcAuth\MvcAuth.csproj", "{8695BDBC-378E-4682-A4D5-E1C4A8EF3596}"
EndProject
Project("{FAE04EC0-301F-11D3-BF4B-00C04F79EFBC}") = "ProductsApi", "ProductsApi\ProductsApi.csproj", "{B6A89FDE-A408-4806-B187-F95F87A4857F}"
EndProject
Project("{FAE04EC0-301F-11D3-BF4B-00C04F79EFBC}") = "BooksAPI", "BooksAPI\BooksAPI.csproj", "{7C223A1E-4A2A-46C7-8339-B448E58FD594}"
EndProject
Project("{FAE04EC0-301F-11D3-BF4B-00C04F79EFBC}") = "BookService", "BookService\BookService.csproj", "{68DE3C3C-ADD9-4E50-BDB1-F5967658E6CE}"
EndProject
Project("{FAE04EC0-301F-11D3-BF4B-00C04F79EFBC}") = "StoreApp", "StoreApp\StoreApp.csproj", "{830ECE77-748F-4014-B4EC-C7BEB93AE889}"
EndProject
Project("{FAE04EC0-301F-11D3-BF4B-00C04F79EFBC}") = "StoreApp.Tests", "StoreApp.Tests\StoreApp.Tests.csproj", "{FD7C856B-0AEE-4C32-919A-5DB72D5780E1}"
EndProject
Project("{FAE04EC0-301F-11D3-BF4B-00C04F79EFBC}") = "BooksAPI.Tests", "BooksAPI.Tests\BooksAPI.Tests.csproj", "{333D5CBC-89AB-478E-80C9-8EC598880A55}"
EndProject
Global
	GlobalSection(SolutionConfigurationPlatforms) = preSolution
		Debug|Any CPU = Debug|Any CPU
		Release|Any CPU = Release|Any CPU
	EndGlobalSection
	GlobalSection(ProjectConfigurationPlatforms) = postSolution
		{8695BDBC-378E-4682-A4D5-E1C4A8EF3596}.Debug|Any CPU.ActiveCfg = Debug|Any CPU
		{8695BDBC-378E-4682-A4D5-E1C4A8EF3596}.Debug|Any CPU.Build.0 = Debug|Any CPU
		{8695BDBC-378E-4682-A4D5-E1C4A8EF3596}.Release|Any CPU.ActiveCfg = Release|Any CPU
		{8695BDBC-378E-4682-A4D5-E1C4A8EF3596}.Release|Any CPU.Build.0 = Release|Any CPU
		{B6A89FDE-A408-4806-B187-F95F87A4857F}.Debug|Any CPU.ActiveCfg = Debug|Any CPU
		{B6A89FDE-A408-4806-B187-F95F87A4857F}.Debug|Any CPU.Build.0 = Debug|Any CPU
		{B6A89FDE-A408-4806-B187-F95F87A4857F}.Release|Any CPU.ActiveCfg = Release|Any CPU
		{B6A89FDE-A408-4806-B187-F95F87A4857F}.Release|Any CPU.Build.0 = Release|Any CPU
		{7C223A1E-4A2A-46C7-8339-B448E58FD594}.Debug|Any CPU.ActiveCfg = Debug|Any CPU
		{7C223A1E-4A2A-46C7-8339-B448E58FD594}.Debug|Any CPU.Build.0 = Debug|Any CPU
		{7C223A1E-4A2A-46C7-8339-B448E58FD594}.Release|Any CPU.ActiveCfg = Release|Any CPU
		{7C223A1E-4A2A-46C7-8339-B448E58FD594}.Release|Any CPU.Build.0 = Release|Any CPU
		{68DE3C3C-ADD9-4E50-BDB1-F5967658E6CE}.Debug|Any CPU.ActiveCfg = Debug|Any CPU
		{68DE3C3C-ADD9-4E50-BDB1-F5967658E6CE}.Debug|Any CPU.Build.0 = Debug|Any CPU
		{68DE3C3C-ADD9-4E50-BDB1-F5967658E6CE}.Release|Any CPU.ActiveCfg = Release|Any CPU
		{68DE3C3C-ADD9-4E50-BDB1-F5967658E6CE}.Release|Any CPU.Build.0 = Release|Any CPU
		{830ECE77-748F-4014-B4EC-C7BEB93AE889}.Debug|Any CPU.ActiveCfg = Debug|Any CPU
		{830ECE77-748F-4014-B4EC-C7BEB93AE889}.Debug|Any CPU.Build.0 = Debug|Any CPU
		{830ECE77-748F-4014-B4EC-C7BEB93AE889}.Release|Any CPU.ActiveCfg = Release|Any CPU
		{830ECE77-748F-4014-B4EC-C7BEB93AE889}.Release|Any CPU.Build.0 = Release|Any CPU
		{FD7C856B-0AEE-4C32-919A-5DB72D5780E1}.Debug|Any CPU.ActiveCfg = Debug|Any CPU
		{FD7C856B-0AEE-4C32-919A-5DB72D5780E1}.Debug|Any CPU.Build.0 = Debug|Any CPU
		{FD7C856B-0AEE-4C32-919A-5DB72D5780E1}.Release|Any CPU.ActiveCfg = Release|Any CPU
		{FD7C856B-0AEE-4C32-919A-5DB72D5780E1}.Release|Any CPU.Build.0 = Release|Any CPU
		{333D5CBC-89AB-478E-80C9-8EC598880A55}.Debug|Any CPU.ActiveCfg = Debug|Any CPU
		{333D5CBC-89AB-478E-80C9-8EC598880A55}.Debug|Any CPU.Build.0 = Debug|Any CPU
		{333D5CBC-89AB-478E-80C9-8EC598880A55}.Release|Any CPU.ActiveCfg = Release|Any CPU
		{333D5CBC-89AB-478E-80C9-8EC598880A55}.Release|Any CPU.Build.0 = Release|Any CPU
	EndGlobalSection
	GlobalSection(SolutionProperties) = preSolution
		HideSolutionNode = FALSE
	EndGlobalSection
	GlobalSection(ExtensibilityGlobals) = postSolution
		SolutionGuid = {BCCDA777-6D72-429A-8B6F-9EC0690DAA89}
	EndGlobalSection
EndGlobal
