
Microsoft Visual Studio Solution File, Format Version 12.00
# Visual Studio 15
VisualStudioVersion = 15.0.28307.168
MinimumVisualStudioVersion = 10.0.40219.1
Project("{FAE04EC0-301F-11D3-BF4B-00C04F79EFBC}") = "MvcAuth", "MvcAuth\MvcAuth.csproj", "{8695BDBC-378E-4682-A4D5-E1C4A8EF3596}"
EndProject
Project("{FAE04EC0-301F-11D3-BF4B-00C04F79EFBC}") = "ProductsApi", "ProductsApi\ProductsApi.csproj", "{B6A89FDE-A408-4806-B187-F95F87A4857F}"
EndProject
Project("{FAE04EC0-301F-11D3-BF4B-00C04F79EFBC}") = "BooksAPI", "BooksAPI\BooksAPI.csproj", "{7C223A1E-4A2A-46C7-8339-B448E58FD594}"
EndProject
Global
	GlobalSection(SolutionConfigurationPlatforms) = preSolution
		Debug|Any CPU = Debug|Any CPU
		Release|Any CPU = Release|Any CPU
	EndGlobalSection
	GlobalSection(ProjectConfigurationPlatforms) = postSolution
		{8695BDBC-378E-4682-A4D5-E1C4A8EF3596}.Debug|Any CPU.ActiveCfg = Debug|Any CPU
		{8695BDBC-378E-4682-A4D5-E1C4A8EF3596}.Debug|Any CPU.Build.0 = Debug|Any CPU
		{8695BDBC-378E-4682-A4D5-E1C4A8EF3596}.Release|Any CPU.ActiveCfg = Release|Any CPU
		{8695BDBC-378E-4682-A4D5-E1C4A8EF3596}.Release|Any CPU.Build.0 = Release|Any CPU
		{B6A89FDE-A408-4806-B187-F95F87A4857F}.Debug|Any CPU.ActiveCfg = Debug|Any CPU
		{B6A89FDE-A408-4806-B187-F95F87A4857F}.Debug|Any CPU.Build.0 = Debug|Any CPU
		{B6A89FDE-A408-4806-B187-F95F87A4857F}.Release|Any CPU.ActiveCfg = Release|Any CPU
		{B6A89FDE-A408-4806-B187-F95F87A4857F}.Release|Any CPU.Build.0 = Release|Any CPU
		{7C223A1E-4A2A-46C7-8339-B448E58FD594}.Debug|Any CPU.ActiveCfg = Debug|Any CPU
		{7C223A1E-4A2A-46C7-8339-B448E58FD594}.Debug|Any CPU.Build.0 = Debug|Any CPU
		{7C223A1E-4A2A-46C7-8339-B448E58FD594}.Release|Any CPU.ActiveCfg = Release|Any CPU
		{7C223A1E-4A2A-46C7-8339-B448E58FD594}.Release|Any CPU.Build.0 = Release|Any CPU
	EndGlobalSection
	GlobalSection(SolutionProperties) = preSolution
		HideSolutionNode = FALSE
	EndGlobalSection
	GlobalSection(ExtensibilityGlobals) = postSolution
		SolutionGuid = {BCCDA777-6D72-429A-8B6F-9EC0690DAA89}
	EndGlobalSection
EndGlobal
